
Microsoft Visual Studio Solution File, Format Version 12.00
# Visual Studio 14
VisualStudioVersion = 14.0.25420.1
MinimumVisualStudioVersion = 10.0.40219.1
Project("{FAE04EC0-301F-11D3-BF4B-00C04F79EFBC}") = "SPCreatePost", "SPCreatePost\SPCreatePost.csproj", "{7A9433E1-BF46-4B58-BC0D-C820FBC7C6BE}"
EndProject
Project("{FAE04EC0-301F-11D3-BF4B-00C04F79EFBC}") = "SPCreatePostDLL", "SPCreatePostDLL\SPCreatePostDLL.csproj", "{5D54B41B-DC2B-4631-9CEC-684C312111D8}"
EndProject
Project("{FAE04EC0-301F-11D3-BF4B-00C04F79EFBC}") = "WriteNewssource", "WriteNewssource\WriteNewssource.csproj", "{62E385C6-8484-46C8-8B77-42CA9E2C2425}"
EndProject
Project("{FAE04EC0-301F-11D3-BF4B-00C04F79EFBC}") = "StudentList", "StudentList\StudentList.csproj", "{C5DAA2E3-3B21-43A4-BD3A-D66E066ACC10}"
EndProject
Project("{FAE04EC0-301F-11D3-BF4B-00C04F79EFBC}") = "SetRowLimit", "SetRowLimit\SetRowLimit.csproj", "{4894BB72-FAB7-435F-BE75-3ACD2B00FAFD}"
EndProject
Project("{FAE04EC0-301F-11D3-BF4B-00C04F79EFBC}") = "SpWebpart", "SpWebpart\SpWebpart.csproj", "{369CA13E-04BC-4526-A99B-5358541BE7A2}"
EndProject
Project("{FAE04EC0-301F-11D3-BF4B-00C04F79EFBC}") = "BlogReply", "BlogReply\BlogReply.csproj", "{37D7FE8C-8996-4E8B-A96B-3A6C5C96A917}"
EndProject
Project("{FAE04EC0-301F-11D3-BF4B-00C04F79EFBC}") = "SendEmailByQQ", "SendEmailByQQ\SendEmailByQQ.csproj", "{D9F1136B-6E1A-4E76-9895-14B996F553A1}"
EndProject
Project("{FAE04EC0-301F-11D3-BF4B-00C04F79EFBC}") = "VAWebpart", "PersonalStastics\VAWebpart.csproj", "{D7ECAEB4-1130-4253-BCE8-3947B5DD2679}"
EndProject
Project("{FAE04EC0-301F-11D3-BF4B-00C04F79EFBC}") = "NewsLikesCount", "NewsLikesCount\NewsLikesCount.csproj", "{90F891A8-ECDA-47F9-9248-65A596B3FF43}"
EndProject
Project("{FAE04EC0-301F-11D3-BF4B-00C04F79EFBC}") = "SendEmailOfInnershare", "SendEmailOfInnershare\SendEmailOfInnershare.csproj", "{1970D370-CFFB-40C2-A3A9-4ECA05E48A16}"
EndProject
Project("{FAE04EC0-301F-11D3-BF4B-00C04F79EFBC}") = "ShowVANews", "ShowVANews\ShowVANews.csproj", "{BF0E1A96-3533-4AF1-8D10-B46675423D32}"
EndProject
Project("{FAE04EC0-301F-11D3-BF4B-00C04F79EFBC}") = "VisualWebPartProject1", "VisualWebPartProject1\VisualWebPartProject1.csproj", "{E9A57A70-B589-4F8F-897C-B1694FF1DF37}"
EndProject
Project("{FAE04EC0-301F-11D3-BF4B-00C04F79EFBC}") = "SendEmailAlert", "SendEmailAlert\SendEmailAlert.csproj", "{BC1476D1-4675-4A5F-8711-37C8BD0CDAD2}"
EndProject
Project("{FAE04EC0-301F-11D3-BF4B-00C04F79EFBC}") = "TimerJobExample", "TimerJobExample\TimerJobExample.csproj", "{307FD995-3666-467C-BCEE-6FB60C01831E}"
EndProject
Project("{E24C65DC-7377-472B-9ABA-BC803B73C61A}") = "WebSite1(1)", "http://localhost:30618", "{7E10FAF2-5A96-40BD-8778-33D39DB2B4F1}"
	ProjectSection(WebsiteProperties) = preProject
		UseIISExpress = "true"
		TargetFrameworkMoniker = ".NETFramework,Version%3Dv4.5"
		Debug.AspNetCompiler.VirtualPath = "/localhost_30618"
		Debug.AspNetCompiler.PhysicalPath = "..\..\WebSites\WebSite1\"
		Debug.AspNetCompiler.TargetPath = "PrecompiledWeb\localhost_30618\"
		Debug.AspNetCompiler.Updateable = "true"
		Debug.AspNetCompiler.ForceOverwrite = "true"
		Debug.AspNetCompiler.FixedNames = "false"
		Debug.AspNetCompiler.Debug = "True"
		Release.AspNetCompiler.VirtualPath = "/localhost_30618"
		Release.AspNetCompiler.PhysicalPath = "..\..\WebSites\WebSite1\"
		Release.AspNetCompiler.TargetPath = "PrecompiledWeb\localhost_30618\"
		Release.AspNetCompiler.Updateable = "true"
		Release.AspNetCompiler.ForceOverwrite = "true"
		Release.AspNetCompiler.FixedNames = "false"
		Release.AspNetCompiler.Debug = "False"
		SlnRelativePath = "..\..\WebSites\WebSite1\"
		DefaultWebSiteLanguage = "Visual C#"
	EndProjectSection
EndProject
Project("{FAE04EC0-301F-11D3-BF4B-00C04F79EFBC}") = "Html5WebApp", "..\Html5WebApp\Html5WebApp.csproj", "{39219167-B16B-452E-BF3B-C400B32EA21A}"
EndProject
Project("{FAE04EC0-301F-11D3-BF4B-00C04F79EFBC}") = "CustListTemplte", "CustListTemplte\CustListTemplte.csproj", "{4AD2A521-614A-4227-B115-7D2240024ABB}"
EndProject
Project("{FAE04EC0-301F-11D3-BF4B-00C04F79EFBC}") = "EnumerateList", "EnumerateList\EnumerateList.csproj", "{B71E0E79-167F-4FEC-B2D5-0D5D25C277B5}"
EndProject
Project("{FAE04EC0-301F-11D3-BF4B-00C04F79EFBC}") = "ListEventHandler", "ListEventHandler\ListEventHandler.csproj", "{61A13FFC-9720-4055-815F-D925C30973F5}"
EndProject
Project("{FAE04EC0-301F-11D3-BF4B-00C04F79EFBC}") = "RegisterEventHandler", "RegisterEventHandler\RegisterEventHandler.csproj", "{9A4E9F89-BEC3-4975-90AC-16DCD894A588}"
EndProject
Project("{FAE04EC0-301F-11D3-BF4B-00C04F79EFBC}") = "SharePointProject", "SharePointProject\SharePointProject.csproj", "{4C95CBCF-3C06-43BE-B01B-3A0D8A5EE654}"
EndProject
Project("{FAE04EC0-301F-11D3-BF4B-00C04F79EFBC}") = "SharePointProject2", "SharePointProject2\SharePointProject2.csproj", "{C7F6B1E7-BF76-4607-86BE-17954DEC8835}"
EndProject
Project("{FAE04EC0-301F-11D3-BF4B-00C04F79EFBC}") = "ConsoleApplication1", "ConsoleApplication1\ConsoleApplication1.csproj", "{16C09F41-C1D4-4E3D-994F-ACB2C0930A54}"
EndProject
Project("{FAE04EC0-301F-11D3-BF4B-00C04F79EFBC}") = "MyError", "MyError\MyError.csproj", "{36E86916-57E0-4E3A-9DFB-F46184A64E4B}"
EndProject
Project("{FAE04EC0-301F-11D3-BF4B-00C04F79EFBC}") = "SPLegalAmountField", "SPLegalAmountField\SPLegalAmountField.csproj", "{9B89477B-B409-459A-B85F-3858DC4C937A}"
EndProject
Project("{FAE04EC0-301F-11D3-BF4B-00C04F79EFBC}") = "WorkflowTest", "WorkflowTest\WorkflowTest.csproj", "{45E66D30-7FB0-46FF-9F89-02156D7F8ADC}"
EndProject
Project("{FAE04EC0-301F-11D3-BF4B-00C04F79EFBC}") = "ItemViewCounterField", "ItemViewCounterField\ItemViewCounterField.csproj", "{C04B369C-FC62-4804-A7CE-2D1A98EC3386}"
EndProject
Global
	GlobalSection(SolutionConfigurationPlatforms) = preSolution
		Debug|Any CPU = Debug|Any CPU
		Debug|Mixed Platforms = Debug|Mixed Platforms
		Debug|x64 = Debug|x64
		program|Any CPU = program|Any CPU
		program|Mixed Platforms = program|Mixed Platforms
		program|x64 = program|x64
		Release|Any CPU = Release|Any CPU
		Release|Mixed Platforms = Release|Mixed Platforms
		Release|x64 = Release|x64
		winform|Any CPU = winform|Any CPU
		winform|Mixed Platforms = winform|Mixed Platforms
		winform|x64 = winform|x64
	EndGlobalSection
	GlobalSection(ProjectConfigurationPlatforms) = postSolution
		{7A9433E1-BF46-4B58-BC0D-C820FBC7C6BE}.Debug|Any CPU.ActiveCfg = Debug|Any CPU
		{7A9433E1-BF46-4B58-BC0D-C820FBC7C6BE}.Debug|Any CPU.Build.0 = Debug|Any CPU
		{7A9433E1-BF46-4B58-BC0D-C820FBC7C6BE}.Debug|Any CPU.Deploy.0 = Debug|Any CPU
		{7A9433E1-BF46-4B58-BC0D-C820FBC7C6BE}.Debug|Mixed Platforms.ActiveCfg = Debug|Any CPU
		{7A9433E1-BF46-4B58-BC0D-C820FBC7C6BE}.Debug|Mixed Platforms.Build.0 = Debug|Any CPU
		{7A9433E1-BF46-4B58-BC0D-C820FBC7C6BE}.Debug|Mixed Platforms.Deploy.0 = Debug|Any CPU
		{7A9433E1-BF46-4B58-BC0D-C820FBC7C6BE}.Debug|x64.ActiveCfg = Debug|Any CPU
		{7A9433E1-BF46-4B58-BC0D-C820FBC7C6BE}.Debug|x64.Build.0 = Debug|Any CPU
		{7A9433E1-BF46-4B58-BC0D-C820FBC7C6BE}.program|Any CPU.ActiveCfg = program|Any CPU
		{7A9433E1-BF46-4B58-BC0D-C820FBC7C6BE}.program|Mixed Platforms.ActiveCfg = program|Any CPU
		{7A9433E1-BF46-4B58-BC0D-C820FBC7C6BE}.program|Mixed Platforms.Build.0 = program|Any CPU
		{7A9433E1-BF46-4B58-BC0D-C820FBC7C6BE}.program|Mixed Platforms.Deploy.0 = program|Any CPU
		{7A9433E1-BF46-4B58-BC0D-C820FBC7C6BE}.program|x64.ActiveCfg = program|Any CPU
		{7A9433E1-BF46-4B58-BC0D-C820FBC7C6BE}.Release|Any CPU.ActiveCfg = Release|Any CPU
		{7A9433E1-BF46-4B58-BC0D-C820FBC7C6BE}.Release|Any CPU.Build.0 = Release|Any CPU
		{7A9433E1-BF46-4B58-BC0D-C820FBC7C6BE}.Release|Any CPU.Deploy.0 = Release|Any CPU
		{7A9433E1-BF46-4B58-BC0D-C820FBC7C6BE}.Release|Mixed Platforms.ActiveCfg = Release|Any CPU
		{7A9433E1-BF46-4B58-BC0D-C820FBC7C6BE}.Release|Mixed Platforms.Build.0 = Release|Any CPU
		{7A9433E1-BF46-4B58-BC0D-C820FBC7C6BE}.Release|Mixed Platforms.Deploy.0 = Release|Any CPU
		{7A9433E1-BF46-4B58-BC0D-C820FBC7C6BE}.Release|x64.ActiveCfg = Release|Any CPU
		{7A9433E1-BF46-4B58-BC0D-C820FBC7C6BE}.winform|Any CPU.ActiveCfg = winform|Any CPU
		{7A9433E1-BF46-4B58-BC0D-C820FBC7C6BE}.winform|Mixed Platforms.ActiveCfg = winform|Any CPU
		{7A9433E1-BF46-4B58-BC0D-C820FBC7C6BE}.winform|x64.ActiveCfg = winform|Any CPU
		{5D54B41B-DC2B-4631-9CEC-684C312111D8}.Debug|Any CPU.ActiveCfg = Debug|Any CPU
		{5D54B41B-DC2B-4631-9CEC-684C312111D8}.Debug|Any CPU.Build.0 = Debug|Any CPU
		{5D54B41B-DC2B-4631-9CEC-684C312111D8}.Debug|Any CPU.Deploy.0 = Debug|Any CPU
		{5D54B41B-DC2B-4631-9CEC-684C312111D8}.Debug|Mixed Platforms.ActiveCfg = Debug|Any CPU
		{5D54B41B-DC2B-4631-9CEC-684C312111D8}.Debug|Mixed Platforms.Build.0 = Debug|Any CPU
		{5D54B41B-DC2B-4631-9CEC-684C312111D8}.Debug|x64.ActiveCfg = Debug|Any CPU
		{5D54B41B-DC2B-4631-9CEC-684C312111D8}.Debug|x64.Build.0 = Debug|Any CPU
		{5D54B41B-DC2B-4631-9CEC-684C312111D8}.program|Any CPU.ActiveCfg = program|Any CPU
		{5D54B41B-DC2B-4631-9CEC-684C312111D8}.program|Mixed Platforms.ActiveCfg = program|Any CPU
		{5D54B41B-DC2B-4631-9CEC-684C312111D8}.program|Mixed Platforms.Build.0 = program|Any CPU
		{5D54B41B-DC2B-4631-9CEC-684C312111D8}.program|x64.ActiveCfg = program|Any CPU
		{5D54B41B-DC2B-4631-9CEC-684C312111D8}.Release|Any CPU.ActiveCfg = Release|Any CPU
		{5D54B41B-DC2B-4631-9CEC-684C312111D8}.Release|Any CPU.Build.0 = Release|Any CPU
		{5D54B41B-DC2B-4631-9CEC-684C312111D8}.Release|Mixed Platforms.ActiveCfg = Release|Any CPU
		{5D54B41B-DC2B-4631-9CEC-684C312111D8}.Release|Mixed Platforms.Build.0 = Release|Any CPU
		{5D54B41B-DC2B-4631-9CEC-684C312111D8}.Release|x64.ActiveCfg = Release|Any CPU
		{5D54B41B-DC2B-4631-9CEC-684C312111D8}.winform|Any CPU.ActiveCfg = winform|Any CPU
		{5D54B41B-DC2B-4631-9CEC-684C312111D8}.winform|Mixed Platforms.ActiveCfg = winform|Any CPU
		{5D54B41B-DC2B-4631-9CEC-684C312111D8}.winform|Mixed Platforms.Deploy.0 = winform|Any CPU
		{5D54B41B-DC2B-4631-9CEC-684C312111D8}.winform|x64.ActiveCfg = winform|Any CPU
		{62E385C6-8484-46C8-8B77-42CA9E2C2425}.Debug|Any CPU.ActiveCfg = Debug|Any CPU
		{62E385C6-8484-46C8-8B77-42CA9E2C2425}.Debug|Mixed Platforms.ActiveCfg = Debug|Any CPU
		{62E385C6-8484-46C8-8B77-42CA9E2C2425}.Debug|Mixed Platforms.Build.0 = Debug|Any CPU
		{62E385C6-8484-46C8-8B77-42CA9E2C2425}.Debug|Mixed Platforms.Deploy.0 = Debug|Any CPU
		{62E385C6-8484-46C8-8B77-42CA9E2C2425}.Debug|x64.ActiveCfg = Debug|Any CPU
		{62E385C6-8484-46C8-8B77-42CA9E2C2425}.program|Any CPU.ActiveCfg = program|Any CPU
		{62E385C6-8484-46C8-8B77-42CA9E2C2425}.program|Mixed Platforms.ActiveCfg = program|Any CPU
		{62E385C6-8484-46C8-8B77-42CA9E2C2425}.program|Mixed Platforms.Build.0 = program|Any CPU
		{62E385C6-8484-46C8-8B77-42CA9E2C2425}.program|Mixed Platforms.Deploy.0 = program|Any CPU
		{62E385C6-8484-46C8-8B77-42CA9E2C2425}.program|x64.ActiveCfg = program|Any CPU
		{62E385C6-8484-46C8-8B77-42CA9E2C2425}.Release|Any CPU.ActiveCfg = Release|Any CPU
		{62E385C6-8484-46C8-8B77-42CA9E2C2425}.Release|Any CPU.Build.0 = Release|Any CPU
		{62E385C6-8484-46C8-8B77-42CA9E2C2425}.Release|Any CPU.Deploy.0 = Release|Any CPU
		{62E385C6-8484-46C8-8B77-42CA9E2C2425}.Release|Mixed Platforms.ActiveCfg = Release|Any CPU
		{62E385C6-8484-46C8-8B77-42CA9E2C2425}.Release|Mixed Platforms.Build.0 = Release|Any CPU
		{62E385C6-8484-46C8-8B77-42CA9E2C2425}.Release|Mixed Platforms.Deploy.0 = Release|Any CPU
		{62E385C6-8484-46C8-8B77-42CA9E2C2425}.Release|x64.ActiveCfg = Release|Any CPU
		{62E385C6-8484-46C8-8B77-42CA9E2C2425}.winform|Any CPU.ActiveCfg = winform|Any CPU
		{62E385C6-8484-46C8-8B77-42CA9E2C2425}.winform|Mixed Platforms.ActiveCfg = winform|Any CPU
		{62E385C6-8484-46C8-8B77-42CA9E2C2425}.winform|x64.ActiveCfg = winform|Any CPU
		{C5DAA2E3-3B21-43A4-BD3A-D66E066ACC10}.Debug|Any CPU.ActiveCfg = Debug|Any CPU
		{C5DAA2E3-3B21-43A4-BD3A-D66E066ACC10}.Debug|Mixed Platforms.ActiveCfg = Debug|Any CPU
		{C5DAA2E3-3B21-43A4-BD3A-D66E066ACC10}.Debug|Mixed Platforms.Build.0 = Debug|Any CPU
		{C5DAA2E3-3B21-43A4-BD3A-D66E066ACC10}.Debug|Mixed Platforms.Deploy.0 = Debug|Any CPU
		{C5DAA2E3-3B21-43A4-BD3A-D66E066ACC10}.Debug|x64.ActiveCfg = Debug|Any CPU
		{C5DAA2E3-3B21-43A4-BD3A-D66E066ACC10}.program|Any CPU.ActiveCfg = program|Any CPU
		{C5DAA2E3-3B21-43A4-BD3A-D66E066ACC10}.program|Mixed Platforms.ActiveCfg = program|Any CPU
		{C5DAA2E3-3B21-43A4-BD3A-D66E066ACC10}.program|Mixed Platforms.Build.0 = program|Any CPU
		{C5DAA2E3-3B21-43A4-BD3A-D66E066ACC10}.program|Mixed Platforms.Deploy.0 = program|Any CPU
		{C5DAA2E3-3B21-43A4-BD3A-D66E066ACC10}.program|x64.ActiveCfg = program|Any CPU
		{C5DAA2E3-3B21-43A4-BD3A-D66E066ACC10}.Release|Any CPU.ActiveCfg = Release|Any CPU
		{C5DAA2E3-3B21-43A4-BD3A-D66E066ACC10}.Release|Any CPU.Build.0 = Release|Any CPU
		{C5DAA2E3-3B21-43A4-BD3A-D66E066ACC10}.Release|Any CPU.Deploy.0 = Release|Any CPU
		{C5DAA2E3-3B21-43A4-BD3A-D66E066ACC10}.Release|Mixed Platforms.ActiveCfg = Release|Any CPU
		{C5DAA2E3-3B21-43A4-BD3A-D66E066ACC10}.Release|Mixed Platforms.Build.0 = Release|Any CPU
		{C5DAA2E3-3B21-43A4-BD3A-D66E066ACC10}.Release|Mixed Platforms.Deploy.0 = Release|Any CPU
		{C5DAA2E3-3B21-43A4-BD3A-D66E066ACC10}.Release|x64.ActiveCfg = Release|Any CPU
		{C5DAA2E3-3B21-43A4-BD3A-D66E066ACC10}.winform|Any CPU.ActiveCfg = winform|Any CPU
		{C5DAA2E3-3B21-43A4-BD3A-D66E066ACC10}.winform|Mixed Platforms.ActiveCfg = winform|Any CPU
		{C5DAA2E3-3B21-43A4-BD3A-D66E066ACC10}.winform|x64.ActiveCfg = winform|Any CPU
		{4894BB72-FAB7-435F-BE75-3ACD2B00FAFD}.Debug|Any CPU.ActiveCfg = Debug|Any CPU
		{4894BB72-FAB7-435F-BE75-3ACD2B00FAFD}.Debug|Mixed Platforms.ActiveCfg = Debug|Any CPU
		{4894BB72-FAB7-435F-BE75-3ACD2B00FAFD}.Debug|Mixed Platforms.Build.0 = Debug|Any CPU
		{4894BB72-FAB7-435F-BE75-3ACD2B00FAFD}.Debug|x64.ActiveCfg = Debug|Any CPU
		{4894BB72-FAB7-435F-BE75-3ACD2B00FAFD}.Debug|x64.Build.0 = Debug|Any CPU
		{4894BB72-FAB7-435F-BE75-3ACD2B00FAFD}.program|Any CPU.ActiveCfg = program|Any CPU
		{4894BB72-FAB7-435F-BE75-3ACD2B00FAFD}.program|Mixed Platforms.ActiveCfg = program|Any CPU
		{4894BB72-FAB7-435F-BE75-3ACD2B00FAFD}.program|Mixed Platforms.Build.0 = program|Any CPU
		{4894BB72-FAB7-435F-BE75-3ACD2B00FAFD}.program|x64.ActiveCfg = program|Any CPU
		{4894BB72-FAB7-435F-BE75-3ACD2B00FAFD}.Release|Any CPU.ActiveCfg = Release|Any CPU
		{4894BB72-FAB7-435F-BE75-3ACD2B00FAFD}.Release|Any CPU.Build.0 = Release|Any CPU
		{4894BB72-FAB7-435F-BE75-3ACD2B00FAFD}.Release|Mixed Platforms.ActiveCfg = Release|Any CPU
		{4894BB72-FAB7-435F-BE75-3ACD2B00FAFD}.Release|Mixed Platforms.Build.0 = Release|Any CPU
		{4894BB72-FAB7-435F-BE75-3ACD2B00FAFD}.Release|x64.ActiveCfg = Release|Any CPU
		{4894BB72-FAB7-435F-BE75-3ACD2B00FAFD}.winform|Any CPU.ActiveCfg = winform|Any CPU
		{4894BB72-FAB7-435F-BE75-3ACD2B00FAFD}.winform|Mixed Platforms.ActiveCfg = winform|Any CPU
		{4894BB72-FAB7-435F-BE75-3ACD2B00FAFD}.winform|x64.ActiveCfg = winform|Any CPU
		{369CA13E-04BC-4526-A99B-5358541BE7A2}.Debug|Any CPU.ActiveCfg = Debug|Any CPU
		{369CA13E-04BC-4526-A99B-5358541BE7A2}.Debug|Mixed Platforms.ActiveCfg = Debug|Any CPU
		{369CA13E-04BC-4526-A99B-5358541BE7A2}.Debug|Mixed Platforms.Build.0 = Debug|Any CPU
		{369CA13E-04BC-4526-A99B-5358541BE7A2}.Debug|Mixed Platforms.Deploy.0 = Debug|Any CPU
		{369CA13E-04BC-4526-A99B-5358541BE7A2}.Debug|x64.ActiveCfg = Debug|Any CPU
		{369CA13E-04BC-4526-A99B-5358541BE7A2}.program|Any CPU.ActiveCfg = program|Any CPU
		{369CA13E-04BC-4526-A99B-5358541BE7A2}.program|Mixed Platforms.ActiveCfg = program|Any CPU
		{369CA13E-04BC-4526-A99B-5358541BE7A2}.program|Mixed Platforms.Build.0 = program|Any CPU
		{369CA13E-04BC-4526-A99B-5358541BE7A2}.program|Mixed Platforms.Deploy.0 = program|Any CPU
		{369CA13E-04BC-4526-A99B-5358541BE7A2}.program|x64.ActiveCfg = program|Any CPU
		{369CA13E-04BC-4526-A99B-5358541BE7A2}.Release|Any CPU.ActiveCfg = Release|Any CPU
		{369CA13E-04BC-4526-A99B-5358541BE7A2}.Release|Any CPU.Build.0 = Release|Any CPU
		{369CA13E-04BC-4526-A99B-5358541BE7A2}.Release|Any CPU.Deploy.0 = Release|Any CPU
		{369CA13E-04BC-4526-A99B-5358541BE7A2}.Release|Mixed Platforms.ActiveCfg = Release|Any CPU
		{369CA13E-04BC-4526-A99B-5358541BE7A2}.Release|Mixed Platforms.Build.0 = Release|Any CPU
		{369CA13E-04BC-4526-A99B-5358541BE7A2}.Release|Mixed Platforms.Deploy.0 = Release|Any CPU
		{369CA13E-04BC-4526-A99B-5358541BE7A2}.Release|x64.ActiveCfg = Release|Any CPU
		{369CA13E-04BC-4526-A99B-5358541BE7A2}.winform|Any CPU.ActiveCfg = winform|Any CPU
		{369CA13E-04BC-4526-A99B-5358541BE7A2}.winform|Mixed Platforms.ActiveCfg = winform|Any CPU
		{369CA13E-04BC-4526-A99B-5358541BE7A2}.winform|x64.ActiveCfg = winform|Any CPU
		{37D7FE8C-8996-4E8B-A96B-3A6C5C96A917}.Debug|Any CPU.ActiveCfg = Debug|Any CPU
		{37D7FE8C-8996-4E8B-A96B-3A6C5C96A917}.Debug|Mixed Platforms.ActiveCfg = Debug|Any CPU
		{37D7FE8C-8996-4E8B-A96B-3A6C5C96A917}.Debug|Mixed Platforms.Build.0 = Debug|Any CPU
		{37D7FE8C-8996-4E8B-A96B-3A6C5C96A917}.Debug|Mixed Platforms.Deploy.0 = Debug|Any CPU
		{37D7FE8C-8996-4E8B-A96B-3A6C5C96A917}.Debug|x64.ActiveCfg = Debug|Any CPU
		{37D7FE8C-8996-4E8B-A96B-3A6C5C96A917}.Debug|x64.Build.0 = Debug|Any CPU
		{37D7FE8C-8996-4E8B-A96B-3A6C5C96A917}.program|Any CPU.ActiveCfg = program|Any CPU
		{37D7FE8C-8996-4E8B-A96B-3A6C5C96A917}.program|Mixed Platforms.ActiveCfg = program|Any CPU
		{37D7FE8C-8996-4E8B-A96B-3A6C5C96A917}.program|Mixed Platforms.Build.0 = program|Any CPU
		{37D7FE8C-8996-4E8B-A96B-3A6C5C96A917}.program|Mixed Platforms.Deploy.0 = program|Any CPU
		{37D7FE8C-8996-4E8B-A96B-3A6C5C96A917}.program|x64.ActiveCfg = program|Any CPU
		{37D7FE8C-8996-4E8B-A96B-3A6C5C96A917}.Release|Any CPU.ActiveCfg = Release|Any CPU
		{37D7FE8C-8996-4E8B-A96B-3A6C5C96A917}.Release|Any CPU.Build.0 = Release|Any CPU
		{37D7FE8C-8996-4E8B-A96B-3A6C5C96A917}.Release|Any CPU.Deploy.0 = Release|Any CPU
		{37D7FE8C-8996-4E8B-A96B-3A6C5C96A917}.Release|Mixed Platforms.ActiveCfg = Release|Any CPU
		{37D7FE8C-8996-4E8B-A96B-3A6C5C96A917}.Release|Mixed Platforms.Build.0 = Release|Any CPU
		{37D7FE8C-8996-4E8B-A96B-3A6C5C96A917}.Release|Mixed Platforms.Deploy.0 = Release|Any CPU
		{37D7FE8C-8996-4E8B-A96B-3A6C5C96A917}.Release|x64.ActiveCfg = Release|Any CPU
		{37D7FE8C-8996-4E8B-A96B-3A6C5C96A917}.winform|Any CPU.ActiveCfg = winform|Any CPU
		{37D7FE8C-8996-4E8B-A96B-3A6C5C96A917}.winform|Mixed Platforms.ActiveCfg = winform|Any CPU
		{37D7FE8C-8996-4E8B-A96B-3A6C5C96A917}.winform|x64.ActiveCfg = winform|Any CPU
		{D9F1136B-6E1A-4E76-9895-14B996F553A1}.Debug|Any CPU.ActiveCfg = Debug|Any CPU
		{D9F1136B-6E1A-4E76-9895-14B996F553A1}.Debug|Mixed Platforms.ActiveCfg = Debug|Any CPU
		{D9F1136B-6E1A-4E76-9895-14B996F553A1}.Debug|Mixed Platforms.Build.0 = Debug|Any CPU
		{D9F1136B-6E1A-4E76-9895-14B996F553A1}.Debug|x64.ActiveCfg = Debug|Any CPU
		{D9F1136B-6E1A-4E76-9895-14B996F553A1}.Debug|x64.Build.0 = Debug|Any CPU
		{D9F1136B-6E1A-4E76-9895-14B996F553A1}.program|Any CPU.ActiveCfg = Debug|Any CPU
		{D9F1136B-6E1A-4E76-9895-14B996F553A1}.program|Any CPU.Build.0 = Debug|Any CPU
		{D9F1136B-6E1A-4E76-9895-14B996F553A1}.program|Mixed Platforms.ActiveCfg = Release|Any CPU
		{D9F1136B-6E1A-4E76-9895-14B996F553A1}.program|Mixed Platforms.Build.0 = Release|Any CPU
		{D9F1136B-6E1A-4E76-9895-14B996F553A1}.program|x64.ActiveCfg = winform|Any CPU
		{D9F1136B-6E1A-4E76-9895-14B996F553A1}.Release|Any CPU.ActiveCfg = Release|Any CPU
		{D9F1136B-6E1A-4E76-9895-14B996F553A1}.Release|Any CPU.Build.0 = Release|Any CPU
		{D9F1136B-6E1A-4E76-9895-14B996F553A1}.Release|Mixed Platforms.ActiveCfg = Release|Any CPU
		{D9F1136B-6E1A-4E76-9895-14B996F553A1}.Release|Mixed Platforms.Build.0 = Release|Any CPU
		{D9F1136B-6E1A-4E76-9895-14B996F553A1}.Release|x64.ActiveCfg = Release|Any CPU
		{D9F1136B-6E1A-4E76-9895-14B996F553A1}.winform|Any CPU.ActiveCfg = winform|Any CPU
		{D9F1136B-6E1A-4E76-9895-14B996F553A1}.winform|Mixed Platforms.ActiveCfg = winform|Any CPU
		{D9F1136B-6E1A-4E76-9895-14B996F553A1}.winform|x64.ActiveCfg = winform|Any CPU
		{D7ECAEB4-1130-4253-BCE8-3947B5DD2679}.Debug|Any CPU.ActiveCfg = Debug|Any CPU
		{D7ECAEB4-1130-4253-BCE8-3947B5DD2679}.Debug|Mixed Platforms.ActiveCfg = Debug|Any CPU
		{D7ECAEB4-1130-4253-BCE8-3947B5DD2679}.Debug|Mixed Platforms.Build.0 = Debug|Any CPU
		{D7ECAEB4-1130-4253-BCE8-3947B5DD2679}.Debug|Mixed Platforms.Deploy.0 = Debug|Any CPU
		{D7ECAEB4-1130-4253-BCE8-3947B5DD2679}.Debug|x64.ActiveCfg = Debug|Any CPU
		{D7ECAEB4-1130-4253-BCE8-3947B5DD2679}.program|Any CPU.ActiveCfg = Release|Any CPU
		{D7ECAEB4-1130-4253-BCE8-3947B5DD2679}.program|Any CPU.Build.0 = Release|Any CPU
		{D7ECAEB4-1130-4253-BCE8-3947B5DD2679}.program|Any CPU.Deploy.0 = Release|Any CPU
		{D7ECAEB4-1130-4253-BCE8-3947B5DD2679}.program|Mixed Platforms.ActiveCfg = winform|Any CPU
		{D7ECAEB4-1130-4253-BCE8-3947B5DD2679}.program|Mixed Platforms.Build.0 = winform|Any CPU
		{D7ECAEB4-1130-4253-BCE8-3947B5DD2679}.program|Mixed Platforms.Deploy.0 = winform|Any CPU
		{D7ECAEB4-1130-4253-BCE8-3947B5DD2679}.program|x64.ActiveCfg = winform|Any CPU
		{D7ECAEB4-1130-4253-BCE8-3947B5DD2679}.Release|Any CPU.ActiveCfg = Release|Any CPU
		{D7ECAEB4-1130-4253-BCE8-3947B5DD2679}.Release|Any CPU.Build.0 = Release|Any CPU
		{D7ECAEB4-1130-4253-BCE8-3947B5DD2679}.Release|Any CPU.Deploy.0 = Release|Any CPU
		{D7ECAEB4-1130-4253-BCE8-3947B5DD2679}.Release|Mixed Platforms.ActiveCfg = Release|Any CPU
		{D7ECAEB4-1130-4253-BCE8-3947B5DD2679}.Release|Mixed Platforms.Build.0 = Release|Any CPU
		{D7ECAEB4-1130-4253-BCE8-3947B5DD2679}.Release|Mixed Platforms.Deploy.0 = Release|Any CPU
		{D7ECAEB4-1130-4253-BCE8-3947B5DD2679}.Release|x64.ActiveCfg = Release|Any CPU
		{D7ECAEB4-1130-4253-BCE8-3947B5DD2679}.winform|Any CPU.ActiveCfg = winform|Any CPU
		{D7ECAEB4-1130-4253-BCE8-3947B5DD2679}.winform|Mixed Platforms.ActiveCfg = winform|Any CPU
		{D7ECAEB4-1130-4253-BCE8-3947B5DD2679}.winform|x64.ActiveCfg = winform|Any CPU
		{90F891A8-ECDA-47F9-9248-65A596B3FF43}.Debug|Any CPU.ActiveCfg = Debug|Any CPU
		{90F891A8-ECDA-47F9-9248-65A596B3FF43}.Debug|Mixed Platforms.ActiveCfg = Debug|Any CPU
		{90F891A8-ECDA-47F9-9248-65A596B3FF43}.Debug|Mixed Platforms.Build.0 = Debug|Any CPU
		{90F891A8-ECDA-47F9-9248-65A596B3FF43}.Debug|Mixed Platforms.Deploy.0 = Debug|Any CPU
		{90F891A8-ECDA-47F9-9248-65A596B3FF43}.Debug|x64.ActiveCfg = Debug|Any CPU
		{90F891A8-ECDA-47F9-9248-65A596B3FF43}.Debug|x64.Build.0 = Debug|Any CPU
		{90F891A8-ECDA-47F9-9248-65A596B3FF43}.program|Any CPU.ActiveCfg = Release|Any CPU
		{90F891A8-ECDA-47F9-9248-65A596B3FF43}.program|Any CPU.Build.0 = Release|Any CPU
		{90F891A8-ECDA-47F9-9248-65A596B3FF43}.program|Any CPU.Deploy.0 = Release|Any CPU
		{90F891A8-ECDA-47F9-9248-65A596B3FF43}.program|Mixed Platforms.ActiveCfg = winform|Any CPU
		{90F891A8-ECDA-47F9-9248-65A596B3FF43}.program|Mixed Platforms.Build.0 = winform|Any CPU
		{90F891A8-ECDA-47F9-9248-65A596B3FF43}.program|Mixed Platforms.Deploy.0 = winform|Any CPU
		{90F891A8-ECDA-47F9-9248-65A596B3FF43}.program|x64.ActiveCfg = winform|Any CPU
		{90F891A8-ECDA-47F9-9248-65A596B3FF43}.Release|Any CPU.ActiveCfg = Release|Any CPU
		{90F891A8-ECDA-47F9-9248-65A596B3FF43}.Release|Any CPU.Build.0 = Release|Any CPU
		{90F891A8-ECDA-47F9-9248-65A596B3FF43}.Release|Any CPU.Deploy.0 = Release|Any CPU
		{90F891A8-ECDA-47F9-9248-65A596B3FF43}.Release|Mixed Platforms.ActiveCfg = Release|Any CPU
		{90F891A8-ECDA-47F9-9248-65A596B3FF43}.Release|Mixed Platforms.Build.0 = Release|Any CPU
		{90F891A8-ECDA-47F9-9248-65A596B3FF43}.Release|Mixed Platforms.Deploy.0 = Release|Any CPU
		{90F891A8-ECDA-47F9-9248-65A596B3FF43}.Release|x64.ActiveCfg = Release|Any CPU
		{90F891A8-ECDA-47F9-9248-65A596B3FF43}.winform|Any CPU.ActiveCfg = winform|Any CPU
		{90F891A8-ECDA-47F9-9248-65A596B3FF43}.winform|Mixed Platforms.ActiveCfg = winform|Any CPU
		{90F891A8-ECDA-47F9-9248-65A596B3FF43}.winform|x64.ActiveCfg = winform|Any CPU
		{1970D370-CFFB-40C2-A3A9-4ECA05E48A16}.Debug|Any CPU.ActiveCfg = Debug|Any CPU
		{1970D370-CFFB-40C2-A3A9-4ECA05E48A16}.Debug|Mixed Platforms.ActiveCfg = Debug|Any CPU
		{1970D370-CFFB-40C2-A3A9-4ECA05E48A16}.Debug|Mixed Platforms.Build.0 = Debug|Any CPU
		{1970D370-CFFB-40C2-A3A9-4ECA05E48A16}.Debug|x64.ActiveCfg = Debug|Any CPU
		{1970D370-CFFB-40C2-A3A9-4ECA05E48A16}.Debug|x64.Build.0 = Debug|Any CPU
		{1970D370-CFFB-40C2-A3A9-4ECA05E48A16}.program|Any CPU.ActiveCfg = Release|Any CPU
		{1970D370-CFFB-40C2-A3A9-4ECA05E48A16}.program|Any CPU.Build.0 = Release|Any CPU
		{1970D370-CFFB-40C2-A3A9-4ECA05E48A16}.program|Mixed Platforms.ActiveCfg = winform|Any CPU
		{1970D370-CFFB-40C2-A3A9-4ECA05E48A16}.program|Mixed Platforms.Build.0 = winform|Any CPU
		{1970D370-CFFB-40C2-A3A9-4ECA05E48A16}.program|x64.ActiveCfg = winform|Any CPU
		{1970D370-CFFB-40C2-A3A9-4ECA05E48A16}.Release|Any CPU.ActiveCfg = Release|Any CPU
		{1970D370-CFFB-40C2-A3A9-4ECA05E48A16}.Release|Any CPU.Build.0 = Release|Any CPU
		{1970D370-CFFB-40C2-A3A9-4ECA05E48A16}.Release|Mixed Platforms.ActiveCfg = Release|Any CPU
		{1970D370-CFFB-40C2-A3A9-4ECA05E48A16}.Release|Mixed Platforms.Build.0 = Release|Any CPU
		{1970D370-CFFB-40C2-A3A9-4ECA05E48A16}.Release|x64.ActiveCfg = Release|Any CPU
		{1970D370-CFFB-40C2-A3A9-4ECA05E48A16}.winform|Any CPU.ActiveCfg = winform|Any CPU
		{1970D370-CFFB-40C2-A3A9-4ECA05E48A16}.winform|Mixed Platforms.ActiveCfg = winform|Any CPU
		{1970D370-CFFB-40C2-A3A9-4ECA05E48A16}.winform|x64.ActiveCfg = winform|Any CPU
		{BF0E1A96-3533-4AF1-8D10-B46675423D32}.Debug|Any CPU.ActiveCfg = Debug|Any CPU
		{BF0E1A96-3533-4AF1-8D10-B46675423D32}.Debug|Mixed Platforms.ActiveCfg = Debug|Any CPU
		{BF0E1A96-3533-4AF1-8D10-B46675423D32}.Debug|Mixed Platforms.Build.0 = Debug|Any CPU
		{BF0E1A96-3533-4AF1-8D10-B46675423D32}.Debug|Mixed Platforms.Deploy.0 = Debug|Any CPU
		{BF0E1A96-3533-4AF1-8D10-B46675423D32}.Debug|x64.ActiveCfg = Debug|Any CPU
		{BF0E1A96-3533-4AF1-8D10-B46675423D32}.Debug|x64.Build.0 = Debug|Any CPU
		{BF0E1A96-3533-4AF1-8D10-B46675423D32}.program|Any CPU.ActiveCfg = Release|Any CPU
		{BF0E1A96-3533-4AF1-8D10-B46675423D32}.program|Any CPU.Build.0 = Release|Any CPU
		{BF0E1A96-3533-4AF1-8D10-B46675423D32}.program|Any CPU.Deploy.0 = Release|Any CPU
		{BF0E1A96-3533-4AF1-8D10-B46675423D32}.program|Mixed Platforms.ActiveCfg = winform|Any CPU
		{BF0E1A96-3533-4AF1-8D10-B46675423D32}.program|Mixed Platforms.Build.0 = winform|Any CPU
		{BF0E1A96-3533-4AF1-8D10-B46675423D32}.program|Mixed Platforms.Deploy.0 = winform|Any CPU
		{BF0E1A96-3533-4AF1-8D10-B46675423D32}.program|x64.ActiveCfg = winform|Any CPU
		{BF0E1A96-3533-4AF1-8D10-B46675423D32}.Release|Any CPU.ActiveCfg = Release|Any CPU
		{BF0E1A96-3533-4AF1-8D10-B46675423D32}.Release|Any CPU.Build.0 = Release|Any CPU
		{BF0E1A96-3533-4AF1-8D10-B46675423D32}.Release|Any CPU.Deploy.0 = Release|Any CPU
		{BF0E1A96-3533-4AF1-8D10-B46675423D32}.Release|Mixed Platforms.ActiveCfg = Release|Any CPU
		{BF0E1A96-3533-4AF1-8D10-B46675423D32}.Release|Mixed Platforms.Build.0 = Release|Any CPU
		{BF0E1A96-3533-4AF1-8D10-B46675423D32}.Release|Mixed Platforms.Deploy.0 = Release|Any CPU
		{BF0E1A96-3533-4AF1-8D10-B46675423D32}.Release|x64.ActiveCfg = Release|Any CPU
		{BF0E1A96-3533-4AF1-8D10-B46675423D32}.winform|Any CPU.ActiveCfg = winform|Any CPU
		{BF0E1A96-3533-4AF1-8D10-B46675423D32}.winform|Mixed Platforms.ActiveCfg = winform|Any CPU
		{BF0E1A96-3533-4AF1-8D10-B46675423D32}.winform|x64.ActiveCfg = winform|Any CPU
		{E9A57A70-B589-4F8F-897C-B1694FF1DF37}.Debug|Any CPU.ActiveCfg = Debug|Any CPU
		{E9A57A70-B589-4F8F-897C-B1694FF1DF37}.Debug|Mixed Platforms.ActiveCfg = Debug|Any CPU
		{E9A57A70-B589-4F8F-897C-B1694FF1DF37}.Debug|Mixed Platforms.Build.0 = Debug|Any CPU
		{E9A57A70-B589-4F8F-897C-B1694FF1DF37}.Debug|Mixed Platforms.Deploy.0 = Debug|Any CPU
		{E9A57A70-B589-4F8F-897C-B1694FF1DF37}.Debug|x64.ActiveCfg = Debug|Any CPU
		{E9A57A70-B589-4F8F-897C-B1694FF1DF37}.program|Any CPU.ActiveCfg = Release|Any CPU
		{E9A57A70-B589-4F8F-897C-B1694FF1DF37}.program|Any CPU.Build.0 = Release|Any CPU
		{E9A57A70-B589-4F8F-897C-B1694FF1DF37}.program|Any CPU.Deploy.0 = Release|Any CPU
		{E9A57A70-B589-4F8F-897C-B1694FF1DF37}.program|Mixed Platforms.ActiveCfg = winform|Any CPU
		{E9A57A70-B589-4F8F-897C-B1694FF1DF37}.program|Mixed Platforms.Build.0 = winform|Any CPU
		{E9A57A70-B589-4F8F-897C-B1694FF1DF37}.program|Mixed Platforms.Deploy.0 = winform|Any CPU
		{E9A57A70-B589-4F8F-897C-B1694FF1DF37}.program|x64.ActiveCfg = winform|Any CPU
		{E9A57A70-B589-4F8F-897C-B1694FF1DF37}.Release|Any CPU.ActiveCfg = Release|Any CPU
		{E9A57A70-B589-4F8F-897C-B1694FF1DF37}.Release|Any CPU.Build.0 = Release|Any CPU
		{E9A57A70-B589-4F8F-897C-B1694FF1DF37}.Release|Any CPU.Deploy.0 = Release|Any CPU
		{E9A57A70-B589-4F8F-897C-B1694FF1DF37}.Release|Mixed Platforms.ActiveCfg = Release|Any CPU
		{E9A57A70-B589-4F8F-897C-B1694FF1DF37}.Release|Mixed Platforms.Build.0 = Release|Any CPU
		{E9A57A70-B589-4F8F-897C-B1694FF1DF37}.Release|Mixed Platforms.Deploy.0 = Release|Any CPU
		{E9A57A70-B589-4F8F-897C-B1694FF1DF37}.Release|x64.ActiveCfg = Release|Any CPU
		{E9A57A70-B589-4F8F-897C-B1694FF1DF37}.winform|Any CPU.ActiveCfg = winform|Any CPU
		{E9A57A70-B589-4F8F-897C-B1694FF1DF37}.winform|Mixed Platforms.ActiveCfg = winform|Any CPU
		{E9A57A70-B589-4F8F-897C-B1694FF1DF37}.winform|x64.ActiveCfg = winform|Any CPU
		{BC1476D1-4675-4A5F-8711-37C8BD0CDAD2}.Debug|Any CPU.ActiveCfg = Debug|Any CPU
		{BC1476D1-4675-4A5F-8711-37C8BD0CDAD2}.Debug|Mixed Platforms.ActiveCfg = Debug|Any CPU
		{BC1476D1-4675-4A5F-8711-37C8BD0CDAD2}.Debug|Mixed Platforms.Build.0 = Debug|Any CPU
		{BC1476D1-4675-4A5F-8711-37C8BD0CDAD2}.Debug|x64.ActiveCfg = Debug|Any CPU
		{BC1476D1-4675-4A5F-8711-37C8BD0CDAD2}.Debug|x64.Build.0 = Debug|Any CPU
		{BC1476D1-4675-4A5F-8711-37C8BD0CDAD2}.program|Any CPU.ActiveCfg = Release|Any CPU
		{BC1476D1-4675-4A5F-8711-37C8BD0CDAD2}.program|Any CPU.Build.0 = Release|Any CPU
		{BC1476D1-4675-4A5F-8711-37C8BD0CDAD2}.program|Mixed Platforms.ActiveCfg = winform|Any CPU
		{BC1476D1-4675-4A5F-8711-37C8BD0CDAD2}.program|Mixed Platforms.Build.0 = winform|Any CPU
		{BC1476D1-4675-4A5F-8711-37C8BD0CDAD2}.program|x64.ActiveCfg = winform|Any CPU
		{BC1476D1-4675-4A5F-8711-37C8BD0CDAD2}.Release|Any CPU.ActiveCfg = Release|Any CPU
		{BC1476D1-4675-4A5F-8711-37C8BD0CDAD2}.Release|Any CPU.Build.0 = Release|Any CPU
		{BC1476D1-4675-4A5F-8711-37C8BD0CDAD2}.Release|Mixed Platforms.ActiveCfg = Release|Any CPU
		{BC1476D1-4675-4A5F-8711-37C8BD0CDAD2}.Release|Mixed Platforms.Build.0 = Release|Any CPU
		{BC1476D1-4675-4A5F-8711-37C8BD0CDAD2}.Release|x64.ActiveCfg = Release|Any CPU
		{BC1476D1-4675-4A5F-8711-37C8BD0CDAD2}.winform|Any CPU.ActiveCfg = winform|Any CPU
		{BC1476D1-4675-4A5F-8711-37C8BD0CDAD2}.winform|Mixed Platforms.ActiveCfg = winform|Any CPU
		{BC1476D1-4675-4A5F-8711-37C8BD0CDAD2}.winform|x64.ActiveCfg = winform|Any CPU
		{307FD995-3666-467C-BCEE-6FB60C01831E}.Debug|Any CPU.ActiveCfg = Debug|Any CPU
		{307FD995-3666-467C-BCEE-6FB60C01831E}.Debug|Mixed Platforms.ActiveCfg = Debug|Any CPU
		{307FD995-3666-467C-BCEE-6FB60C01831E}.Debug|Mixed Platforms.Build.0 = Debug|Any CPU
		{307FD995-3666-467C-BCEE-6FB60C01831E}.Debug|Mixed Platforms.Deploy.0 = Debug|Any CPU
		{307FD995-3666-467C-BCEE-6FB60C01831E}.Debug|x64.ActiveCfg = Debug|Any CPU
		{307FD995-3666-467C-BCEE-6FB60C01831E}.program|Any CPU.ActiveCfg = Release|Any CPU
		{307FD995-3666-467C-BCEE-6FB60C01831E}.program|Any CPU.Build.0 = Release|Any CPU
		{307FD995-3666-467C-BCEE-6FB60C01831E}.program|Any CPU.Deploy.0 = Release|Any CPU
		{307FD995-3666-467C-BCEE-6FB60C01831E}.program|Mixed Platforms.ActiveCfg = winform|Any CPU
		{307FD995-3666-467C-BCEE-6FB60C01831E}.program|Mixed Platforms.Build.0 = winform|Any CPU
		{307FD995-3666-467C-BCEE-6FB60C01831E}.program|Mixed Platforms.Deploy.0 = winform|Any CPU
		{307FD995-3666-467C-BCEE-6FB60C01831E}.program|x64.ActiveCfg = winform|Any CPU
		{307FD995-3666-467C-BCEE-6FB60C01831E}.Release|Any CPU.ActiveCfg = Release|Any CPU
		{307FD995-3666-467C-BCEE-6FB60C01831E}.Release|Any CPU.Build.0 = Release|Any CPU
		{307FD995-3666-467C-BCEE-6FB60C01831E}.Release|Any CPU.Deploy.0 = Release|Any CPU
		{307FD995-3666-467C-BCEE-6FB60C01831E}.Release|Mixed Platforms.ActiveCfg = Release|Any CPU
		{307FD995-3666-467C-BCEE-6FB60C01831E}.Release|Mixed Platforms.Build.0 = Release|Any CPU
		{307FD995-3666-467C-BCEE-6FB60C01831E}.Release|Mixed Platforms.Deploy.0 = Release|Any CPU
		{307FD995-3666-467C-BCEE-6FB60C01831E}.Release|x64.ActiveCfg = Release|Any CPU
		{307FD995-3666-467C-BCEE-6FB60C01831E}.winform|Any CPU.ActiveCfg = winform|Any CPU
		{307FD995-3666-467C-BCEE-6FB60C01831E}.winform|Mixed Platforms.ActiveCfg = winform|Any CPU
		{307FD995-3666-467C-BCEE-6FB60C01831E}.winform|x64.ActiveCfg = winform|Any CPU
		{7E10FAF2-5A96-40BD-8778-33D39DB2B4F1}.Debug|Any CPU.ActiveCfg = Debug|Any CPU
		{7E10FAF2-5A96-40BD-8778-33D39DB2B4F1}.Debug|Mixed Platforms.ActiveCfg = Debug|Any CPU
		{7E10FAF2-5A96-40BD-8778-33D39DB2B4F1}.Debug|Mixed Platforms.Build.0 = Debug|Any CPU
		{7E10FAF2-5A96-40BD-8778-33D39DB2B4F1}.Debug|x64.ActiveCfg = Debug|Any CPU
		{7E10FAF2-5A96-40BD-8778-33D39DB2B4F1}.program|Any CPU.ActiveCfg = Debug|Any CPU
		{7E10FAF2-5A96-40BD-8778-33D39DB2B4F1}.program|Any CPU.Build.0 = Debug|Any CPU
		{7E10FAF2-5A96-40BD-8778-33D39DB2B4F1}.program|Mixed Platforms.ActiveCfg = Debug|Any CPU
		{7E10FAF2-5A96-40BD-8778-33D39DB2B4F1}.program|Mixed Platforms.Build.0 = Debug|Any CPU
		{7E10FAF2-5A96-40BD-8778-33D39DB2B4F1}.program|x64.ActiveCfg = Debug|Any CPU
		{7E10FAF2-5A96-40BD-8778-33D39DB2B4F1}.Release|Any CPU.ActiveCfg = Debug|Any CPU
		{7E10FAF2-5A96-40BD-8778-33D39DB2B4F1}.Release|Any CPU.Build.0 = Debug|Any CPU
		{7E10FAF2-5A96-40BD-8778-33D39DB2B4F1}.Release|Mixed Platforms.ActiveCfg = Debug|Any CPU
		{7E10FAF2-5A96-40BD-8778-33D39DB2B4F1}.Release|Mixed Platforms.Build.0 = Debug|Any CPU
		{7E10FAF2-5A96-40BD-8778-33D39DB2B4F1}.Release|x64.ActiveCfg = Debug|Any CPU
		{7E10FAF2-5A96-40BD-8778-33D39DB2B4F1}.winform|Any CPU.ActiveCfg = Debug|Any CPU
		{7E10FAF2-5A96-40BD-8778-33D39DB2B4F1}.winform|Mixed Platforms.ActiveCfg = Debug|Any CPU
		{7E10FAF2-5A96-40BD-8778-33D39DB2B4F1}.winform|x64.ActiveCfg = Debug|Any CPU
		{39219167-B16B-452E-BF3B-C400B32EA21A}.Debug|Any CPU.ActiveCfg = Debug|Any CPU
		{39219167-B16B-452E-BF3B-C400B32EA21A}.Debug|Mixed Platforms.ActiveCfg = Debug|Any CPU
		{39219167-B16B-452E-BF3B-C400B32EA21A}.Debug|Mixed Platforms.Build.0 = Debug|Any CPU
		{39219167-B16B-452E-BF3B-C400B32EA21A}.Debug|Mixed Platforms.Deploy.0 = Debug|Any CPU
		{39219167-B16B-452E-BF3B-C400B32EA21A}.Debug|x64.ActiveCfg = Debug|Any CPU
		{39219167-B16B-452E-BF3B-C400B32EA21A}.Debug|x64.Build.0 = Debug|Any CPU
		{39219167-B16B-452E-BF3B-C400B32EA21A}.program|Any CPU.ActiveCfg = Release|Any CPU
		{39219167-B16B-452E-BF3B-C400B32EA21A}.program|Any CPU.Build.0 = Release|Any CPU
		{39219167-B16B-452E-BF3B-C400B32EA21A}.program|Any CPU.Deploy.0 = Release|Any CPU
		{39219167-B16B-452E-BF3B-C400B32EA21A}.program|Mixed Platforms.ActiveCfg = winform|Any CPU
		{39219167-B16B-452E-BF3B-C400B32EA21A}.program|Mixed Platforms.Build.0 = winform|Any CPU
		{39219167-B16B-452E-BF3B-C400B32EA21A}.program|Mixed Platforms.Deploy.0 = winform|Any CPU
		{39219167-B16B-452E-BF3B-C400B32EA21A}.program|x64.ActiveCfg = winform|Any CPU
		{39219167-B16B-452E-BF3B-C400B32EA21A}.Release|Any CPU.ActiveCfg = Release|Any CPU
		{39219167-B16B-452E-BF3B-C400B32EA21A}.Release|Any CPU.Build.0 = Release|Any CPU
		{39219167-B16B-452E-BF3B-C400B32EA21A}.Release|Any CPU.Deploy.0 = Release|Any CPU
		{39219167-B16B-452E-BF3B-C400B32EA21A}.Release|Mixed Platforms.ActiveCfg = Release|Any CPU
		{39219167-B16B-452E-BF3B-C400B32EA21A}.Release|Mixed Platforms.Build.0 = Release|Any CPU
		{39219167-B16B-452E-BF3B-C400B32EA21A}.Release|Mixed Platforms.Deploy.0 = Release|Any CPU
		{39219167-B16B-452E-BF3B-C400B32EA21A}.Release|x64.ActiveCfg = Release|Any CPU
		{39219167-B16B-452E-BF3B-C400B32EA21A}.winform|Any CPU.ActiveCfg = winform|Any CPU
		{39219167-B16B-452E-BF3B-C400B32EA21A}.winform|Mixed Platforms.ActiveCfg = winform|Any CPU
		{39219167-B16B-452E-BF3B-C400B32EA21A}.winform|x64.ActiveCfg = winform|Any CPU
		{4AD2A521-614A-4227-B115-7D2240024ABB}.Debug|Any CPU.ActiveCfg = Debug|Any CPU
		{4AD2A521-614A-4227-B115-7D2240024ABB}.Debug|Mixed Platforms.ActiveCfg = Debug|Any CPU
		{4AD2A521-614A-4227-B115-7D2240024ABB}.Debug|Mixed Platforms.Build.0 = Debug|Any CPU
		{4AD2A521-614A-4227-B115-7D2240024ABB}.Debug|Mixed Platforms.Deploy.0 = Debug|Any CPU
		{4AD2A521-614A-4227-B115-7D2240024ABB}.Debug|x64.ActiveCfg = Debug|Any CPU
		{4AD2A521-614A-4227-B115-7D2240024ABB}.Debug|x64.Build.0 = Debug|Any CPU
		{4AD2A521-614A-4227-B115-7D2240024ABB}.program|Any CPU.ActiveCfg = Release|Any CPU
		{4AD2A521-614A-4227-B115-7D2240024ABB}.program|Any CPU.Build.0 = Release|Any CPU
		{4AD2A521-614A-4227-B115-7D2240024ABB}.program|Any CPU.Deploy.0 = Release|Any CPU
		{4AD2A521-614A-4227-B115-7D2240024ABB}.program|Mixed Platforms.ActiveCfg = winform|Any CPU
		{4AD2A521-614A-4227-B115-7D2240024ABB}.program|Mixed Platforms.Build.0 = winform|Any CPU
		{4AD2A521-614A-4227-B115-7D2240024ABB}.program|Mixed Platforms.Deploy.0 = winform|Any CPU
		{4AD2A521-614A-4227-B115-7D2240024ABB}.program|x64.ActiveCfg = winform|Any CPU
		{4AD2A521-614A-4227-B115-7D2240024ABB}.Release|Any CPU.ActiveCfg = Release|Any CPU
		{4AD2A521-614A-4227-B115-7D2240024ABB}.Release|Any CPU.Build.0 = Release|Any CPU
		{4AD2A521-614A-4227-B115-7D2240024ABB}.Release|Any CPU.Deploy.0 = Release|Any CPU
		{4AD2A521-614A-4227-B115-7D2240024ABB}.Release|Mixed Platforms.ActiveCfg = Release|Any CPU
		{4AD2A521-614A-4227-B115-7D2240024ABB}.Release|Mixed Platforms.Build.0 = Release|Any CPU
		{4AD2A521-614A-4227-B115-7D2240024ABB}.Release|Mixed Platforms.Deploy.0 = Release|Any CPU
		{4AD2A521-614A-4227-B115-7D2240024ABB}.Release|x64.ActiveCfg = Release|Any CPU
		{4AD2A521-614A-4227-B115-7D2240024ABB}.winform|Any CPU.ActiveCfg = winform|Any CPU
		{4AD2A521-614A-4227-B115-7D2240024ABB}.winform|Mixed Platforms.ActiveCfg = winform|Any CPU
		{4AD2A521-614A-4227-B115-7D2240024ABB}.winform|x64.ActiveCfg = winform|Any CPU
		{B71E0E79-167F-4FEC-B2D5-0D5D25C277B5}.Debug|Any CPU.ActiveCfg = Debug|Any CPU
		{B71E0E79-167F-4FEC-B2D5-0D5D25C277B5}.Debug|Mixed Platforms.ActiveCfg = Debug|Any CPU
		{B71E0E79-167F-4FEC-B2D5-0D5D25C277B5}.Debug|Mixed Platforms.Build.0 = Debug|Any CPU
		{B71E0E79-167F-4FEC-B2D5-0D5D25C277B5}.Debug|x64.ActiveCfg = Debug|x64
		{B71E0E79-167F-4FEC-B2D5-0D5D25C277B5}.program|Any CPU.ActiveCfg = Release|Any CPU
		{B71E0E79-167F-4FEC-B2D5-0D5D25C277B5}.program|Any CPU.Build.0 = Release|Any CPU
		{B71E0E79-167F-4FEC-B2D5-0D5D25C277B5}.program|Mixed Platforms.ActiveCfg = winform|Any CPU
		{B71E0E79-167F-4FEC-B2D5-0D5D25C277B5}.program|Mixed Platforms.Build.0 = winform|Any CPU
		{B71E0E79-167F-4FEC-B2D5-0D5D25C277B5}.program|x64.ActiveCfg = winform|x64
		{B71E0E79-167F-4FEC-B2D5-0D5D25C277B5}.program|x64.Build.0 = winform|x64
		{B71E0E79-167F-4FEC-B2D5-0D5D25C277B5}.Release|Any CPU.ActiveCfg = Release|Any CPU
		{B71E0E79-167F-4FEC-B2D5-0D5D25C277B5}.Release|Any CPU.Build.0 = Release|Any CPU
		{B71E0E79-167F-4FEC-B2D5-0D5D25C277B5}.Release|Mixed Platforms.ActiveCfg = Release|Any CPU
		{B71E0E79-167F-4FEC-B2D5-0D5D25C277B5}.Release|Mixed Platforms.Build.0 = Release|Any CPU
		{B71E0E79-167F-4FEC-B2D5-0D5D25C277B5}.Release|x64.ActiveCfg = Release|x64
		{B71E0E79-167F-4FEC-B2D5-0D5D25C277B5}.Release|x64.Build.0 = Release|x64
		{B71E0E79-167F-4FEC-B2D5-0D5D25C277B5}.winform|Any CPU.ActiveCfg = winform|Any CPU
		{B71E0E79-167F-4FEC-B2D5-0D5D25C277B5}.winform|Any CPU.Build.0 = winform|Any CPU
		{B71E0E79-167F-4FEC-B2D5-0D5D25C277B5}.winform|Mixed Platforms.ActiveCfg = winform|Any CPU
		{B71E0E79-167F-4FEC-B2D5-0D5D25C277B5}.winform|Mixed Platforms.Build.0 = winform|Any CPU
		{B71E0E79-167F-4FEC-B2D5-0D5D25C277B5}.winform|x64.ActiveCfg = winform|x64
		{B71E0E79-167F-4FEC-B2D5-0D5D25C277B5}.winform|x64.Build.0 = winform|x64
		{61A13FFC-9720-4055-815F-D925C30973F5}.Debug|Any CPU.ActiveCfg = Debug|Any CPU
		{61A13FFC-9720-4055-815F-D925C30973F5}.Debug|Mixed Platforms.ActiveCfg = Debug|Any CPU
		{61A13FFC-9720-4055-815F-D925C30973F5}.Debug|Mixed Platforms.Build.0 = Debug|Any CPU
		{61A13FFC-9720-4055-815F-D925C30973F5}.Debug|Mixed Platforms.Deploy.0 = Debug|Any CPU
		{61A13FFC-9720-4055-815F-D925C30973F5}.Debug|x64.ActiveCfg = Debug|Any CPU
		{61A13FFC-9720-4055-815F-D925C30973F5}.program|Any CPU.ActiveCfg = Release|Any CPU
		{61A13FFC-9720-4055-815F-D925C30973F5}.program|Any CPU.Build.0 = Release|Any CPU
		{61A13FFC-9720-4055-815F-D925C30973F5}.program|Any CPU.Deploy.0 = Release|Any CPU
		{61A13FFC-9720-4055-815F-D925C30973F5}.program|Mixed Platforms.ActiveCfg = Release|Any CPU
		{61A13FFC-9720-4055-815F-D925C30973F5}.program|Mixed Platforms.Build.0 = Release|Any CPU
		{61A13FFC-9720-4055-815F-D925C30973F5}.program|Mixed Platforms.Deploy.0 = Release|Any CPU
		{61A13FFC-9720-4055-815F-D925C30973F5}.program|x64.ActiveCfg = Release|Any CPU
		{61A13FFC-9720-4055-815F-D925C30973F5}.Release|Any CPU.ActiveCfg = Release|Any CPU
		{61A13FFC-9720-4055-815F-D925C30973F5}.Release|Any CPU.Build.0 = Release|Any CPU
		{61A13FFC-9720-4055-815F-D925C30973F5}.Release|Any CPU.Deploy.0 = Release|Any CPU
		{61A13FFC-9720-4055-815F-D925C30973F5}.Release|Mixed Platforms.ActiveCfg = Release|Any CPU
		{61A13FFC-9720-4055-815F-D925C30973F5}.Release|Mixed Platforms.Build.0 = Release|Any CPU
		{61A13FFC-9720-4055-815F-D925C30973F5}.Release|Mixed Platforms.Deploy.0 = Release|Any CPU
		{61A13FFC-9720-4055-815F-D925C30973F5}.Release|x64.ActiveCfg = Release|Any CPU
		{61A13FFC-9720-4055-815F-D925C30973F5}.winform|Any CPU.ActiveCfg = Release|Any CPU
		{61A13FFC-9720-4055-815F-D925C30973F5}.winform|Any CPU.Build.0 = Release|Any CPU
		{61A13FFC-9720-4055-815F-D925C30973F5}.winform|Any CPU.Deploy.0 = Release|Any CPU
		{61A13FFC-9720-4055-815F-D925C30973F5}.winform|Mixed Platforms.ActiveCfg = Release|Any CPU
		{61A13FFC-9720-4055-815F-D925C30973F5}.winform|x64.ActiveCfg = Release|Any CPU
		{9A4E9F89-BEC3-4975-90AC-16DCD894A588}.Debug|Any CPU.ActiveCfg = Debug|Any CPU
		{9A4E9F89-BEC3-4975-90AC-16DCD894A588}.Debug|Mixed Platforms.ActiveCfg = Debug|Any CPU
		{9A4E9F89-BEC3-4975-90AC-16DCD894A588}.Debug|Mixed Platforms.Build.0 = Debug|Any CPU
		{9A4E9F89-BEC3-4975-90AC-16DCD894A588}.Debug|x64.ActiveCfg = Debug|Any CPU
		{9A4E9F89-BEC3-4975-90AC-16DCD894A588}.program|Any CPU.ActiveCfg = Release|Any CPU
		{9A4E9F89-BEC3-4975-90AC-16DCD894A588}.program|Any CPU.Build.0 = Release|Any CPU
		{9A4E9F89-BEC3-4975-90AC-16DCD894A588}.program|Mixed Platforms.ActiveCfg = Release|Any CPU
		{9A4E9F89-BEC3-4975-90AC-16DCD894A588}.program|Mixed Platforms.Build.0 = Release|Any CPU
		{9A4E9F89-BEC3-4975-90AC-16DCD894A588}.program|x64.ActiveCfg = Release|Any CPU
		{9A4E9F89-BEC3-4975-90AC-16DCD894A588}.Release|Any CPU.ActiveCfg = Release|Any CPU
		{9A4E9F89-BEC3-4975-90AC-16DCD894A588}.Release|Any CPU.Build.0 = Release|Any CPU
		{9A4E9F89-BEC3-4975-90AC-16DCD894A588}.Release|Mixed Platforms.ActiveCfg = Release|Any CPU
		{9A4E9F89-BEC3-4975-90AC-16DCD894A588}.Release|Mixed Platforms.Build.0 = Release|Any CPU
		{9A4E9F89-BEC3-4975-90AC-16DCD894A588}.Release|x64.ActiveCfg = Release|Any CPU
		{9A4E9F89-BEC3-4975-90AC-16DCD894A588}.winform|Any CPU.ActiveCfg = Release|Any CPU
		{9A4E9F89-BEC3-4975-90AC-16DCD894A588}.winform|Any CPU.Build.0 = Release|Any CPU
		{9A4E9F89-BEC3-4975-90AC-16DCD894A588}.winform|Mixed Platforms.ActiveCfg = Release|Any CPU
		{9A4E9F89-BEC3-4975-90AC-16DCD894A588}.winform|x64.ActiveCfg = Release|Any CPU
		{4C95CBCF-3C06-43BE-B01B-3A0D8A5EE654}.Debug|Any CPU.ActiveCfg = Debug|Any CPU
		{4C95CBCF-3C06-43BE-B01B-3A0D8A5EE654}.Debug|Mixed Platforms.ActiveCfg = Debug|Any CPU
		{4C95CBCF-3C06-43BE-B01B-3A0D8A5EE654}.Debug|Mixed Platforms.Build.0 = Debug|Any CPU
		{4C95CBCF-3C06-43BE-B01B-3A0D8A5EE654}.Debug|Mixed Platforms.Deploy.0 = Debug|Any CPU
		{4C95CBCF-3C06-43BE-B01B-3A0D8A5EE654}.Debug|x64.ActiveCfg = Debug|Any CPU
		{4C95CBCF-3C06-43BE-B01B-3A0D8A5EE654}.program|Any CPU.ActiveCfg = Release|Any CPU
		{4C95CBCF-3C06-43BE-B01B-3A0D8A5EE654}.program|Any CPU.Build.0 = Release|Any CPU
		{4C95CBCF-3C06-43BE-B01B-3A0D8A5EE654}.program|Any CPU.Deploy.0 = Release|Any CPU
		{4C95CBCF-3C06-43BE-B01B-3A0D8A5EE654}.program|Mixed Platforms.ActiveCfg = Release|Any CPU
		{4C95CBCF-3C06-43BE-B01B-3A0D8A5EE654}.program|Mixed Platforms.Build.0 = Release|Any CPU
		{4C95CBCF-3C06-43BE-B01B-3A0D8A5EE654}.program|Mixed Platforms.Deploy.0 = Release|Any CPU
		{4C95CBCF-3C06-43BE-B01B-3A0D8A5EE654}.program|x64.ActiveCfg = Release|Any CPU
		{4C95CBCF-3C06-43BE-B01B-3A0D8A5EE654}.Release|Any CPU.ActiveCfg = Release|Any CPU
		{4C95CBCF-3C06-43BE-B01B-3A0D8A5EE654}.Release|Any CPU.Build.0 = Release|Any CPU
		{4C95CBCF-3C06-43BE-B01B-3A0D8A5EE654}.Release|Any CPU.Deploy.0 = Release|Any CPU
		{4C95CBCF-3C06-43BE-B01B-3A0D8A5EE654}.Release|Mixed Platforms.ActiveCfg = Release|Any CPU
		{4C95CBCF-3C06-43BE-B01B-3A0D8A5EE654}.Release|Mixed Platforms.Build.0 = Release|Any CPU
		{4C95CBCF-3C06-43BE-B01B-3A0D8A5EE654}.Release|Mixed Platforms.Deploy.0 = Release|Any CPU
		{4C95CBCF-3C06-43BE-B01B-3A0D8A5EE654}.Release|x64.ActiveCfg = Release|Any CPU
		{4C95CBCF-3C06-43BE-B01B-3A0D8A5EE654}.winform|Any CPU.ActiveCfg = Release|Any CPU
		{4C95CBCF-3C06-43BE-B01B-3A0D8A5EE654}.winform|Any CPU.Build.0 = Release|Any CPU
		{4C95CBCF-3C06-43BE-B01B-3A0D8A5EE654}.winform|Any CPU.Deploy.0 = Release|Any CPU
		{4C95CBCF-3C06-43BE-B01B-3A0D8A5EE654}.winform|Mixed Platforms.ActiveCfg = Release|Any CPU
		{4C95CBCF-3C06-43BE-B01B-3A0D8A5EE654}.winform|x64.ActiveCfg = Release|Any CPU
		{C7F6B1E7-BF76-4607-86BE-17954DEC8835}.Debug|Any CPU.ActiveCfg = Debug|Any CPU
		{C7F6B1E7-BF76-4607-86BE-17954DEC8835}.Debug|Mixed Platforms.ActiveCfg = Debug|Any CPU
		{C7F6B1E7-BF76-4607-86BE-17954DEC8835}.Debug|Mixed Platforms.Build.0 = Debug|Any CPU
		{C7F6B1E7-BF76-4607-86BE-17954DEC8835}.Debug|Mixed Platforms.Deploy.0 = Debug|Any CPU
		{C7F6B1E7-BF76-4607-86BE-17954DEC8835}.Debug|x64.ActiveCfg = Debug|Any CPU
		{C7F6B1E7-BF76-4607-86BE-17954DEC8835}.program|Any CPU.ActiveCfg = Release|Any CPU
		{C7F6B1E7-BF76-4607-86BE-17954DEC8835}.program|Any CPU.Build.0 = Release|Any CPU
		{C7F6B1E7-BF76-4607-86BE-17954DEC8835}.program|Any CPU.Deploy.0 = Release|Any CPU
		{C7F6B1E7-BF76-4607-86BE-17954DEC8835}.program|Mixed Platforms.ActiveCfg = Release|Any CPU
		{C7F6B1E7-BF76-4607-86BE-17954DEC8835}.program|Mixed Platforms.Build.0 = Release|Any CPU
		{C7F6B1E7-BF76-4607-86BE-17954DEC8835}.program|Mixed Platforms.Deploy.0 = Release|Any CPU
		{C7F6B1E7-BF76-4607-86BE-17954DEC8835}.program|x64.ActiveCfg = Release|Any CPU
		{C7F6B1E7-BF76-4607-86BE-17954DEC8835}.Release|Any CPU.ActiveCfg = Release|Any CPU
		{C7F6B1E7-BF76-4607-86BE-17954DEC8835}.Release|Any CPU.Build.0 = Release|Any CPU
		{C7F6B1E7-BF76-4607-86BE-17954DEC8835}.Release|Any CPU.Deploy.0 = Release|Any CPU
		{C7F6B1E7-BF76-4607-86BE-17954DEC8835}.Release|Mixed Platforms.ActiveCfg = Release|Any CPU
		{C7F6B1E7-BF76-4607-86BE-17954DEC8835}.Release|Mixed Platforms.Build.0 = Release|Any CPU
		{C7F6B1E7-BF76-4607-86BE-17954DEC8835}.Release|Mixed Platforms.Deploy.0 = Release|Any CPU
		{C7F6B1E7-BF76-4607-86BE-17954DEC8835}.Release|x64.ActiveCfg = Release|Any CPU
		{C7F6B1E7-BF76-4607-86BE-17954DEC8835}.winform|Any CPU.ActiveCfg = Release|Any CPU
		{C7F6B1E7-BF76-4607-86BE-17954DEC8835}.winform|Any CPU.Build.0 = Release|Any CPU
		{C7F6B1E7-BF76-4607-86BE-17954DEC8835}.winform|Any CPU.Deploy.0 = Release|Any CPU
		{C7F6B1E7-BF76-4607-86BE-17954DEC8835}.winform|Mixed Platforms.ActiveCfg = Release|Any CPU
		{C7F6B1E7-BF76-4607-86BE-17954DEC8835}.winform|x64.ActiveCfg = Release|Any CPU
		{16C09F41-C1D4-4E3D-994F-ACB2C0930A54}.Debug|Any CPU.ActiveCfg = Debug|Any CPU
		{16C09F41-C1D4-4E3D-994F-ACB2C0930A54}.Debug|Mixed Platforms.ActiveCfg = Debug|Any CPU
		{16C09F41-C1D4-4E3D-994F-ACB2C0930A54}.Debug|Mixed Platforms.Build.0 = Debug|Any CPU
		{16C09F41-C1D4-4E3D-994F-ACB2C0930A54}.Debug|x64.ActiveCfg = Debug|Any CPU
		{16C09F41-C1D4-4E3D-994F-ACB2C0930A54}.program|Any CPU.ActiveCfg = Release|Any CPU
		{16C09F41-C1D4-4E3D-994F-ACB2C0930A54}.program|Any CPU.Build.0 = Release|Any CPU
		{16C09F41-C1D4-4E3D-994F-ACB2C0930A54}.program|Mixed Platforms.ActiveCfg = Release|Any CPU
		{16C09F41-C1D4-4E3D-994F-ACB2C0930A54}.program|Mixed Platforms.Build.0 = Release|Any CPU
		{16C09F41-C1D4-4E3D-994F-ACB2C0930A54}.program|x64.ActiveCfg = Release|Any CPU
		{16C09F41-C1D4-4E3D-994F-ACB2C0930A54}.Release|Any CPU.ActiveCfg = Release|Any CPU
		{16C09F41-C1D4-4E3D-994F-ACB2C0930A54}.Release|Any CPU.Build.0 = Release|Any CPU
		{16C09F41-C1D4-4E3D-994F-ACB2C0930A54}.Release|Mixed Platforms.ActiveCfg = Release|Any CPU
		{16C09F41-C1D4-4E3D-994F-ACB2C0930A54}.Release|Mixed Platforms.Build.0 = Release|Any CPU
		{16C09F41-C1D4-4E3D-994F-ACB2C0930A54}.Release|x64.ActiveCfg = Release|Any CPU
		{16C09F41-C1D4-4E3D-994F-ACB2C0930A54}.winform|Any CPU.ActiveCfg = Release|Any CPU
		{16C09F41-C1D4-4E3D-994F-ACB2C0930A54}.winform|Any CPU.Build.0 = Release|Any CPU
		{16C09F41-C1D4-4E3D-994F-ACB2C0930A54}.winform|Mixed Platforms.ActiveCfg = Release|Any CPU
		{16C09F41-C1D4-4E3D-994F-ACB2C0930A54}.winform|x64.ActiveCfg = Release|Any CPU
		{36E86916-57E0-4E3A-9DFB-F46184A64E4B}.Debug|Any CPU.ActiveCfg = Debug|Any CPU
		{36E86916-57E0-4E3A-9DFB-F46184A64E4B}.Debug|Mixed Platforms.ActiveCfg = Debug|Any CPU
		{36E86916-57E0-4E3A-9DFB-F46184A64E4B}.Debug|Mixed Platforms.Build.0 = Debug|Any CPU
		{36E86916-57E0-4E3A-9DFB-F46184A64E4B}.Debug|Mixed Platforms.Deploy.0 = Debug|Any CPU
		{36E86916-57E0-4E3A-9DFB-F46184A64E4B}.Debug|x64.ActiveCfg = Debug|Any CPU
		{36E86916-57E0-4E3A-9DFB-F46184A64E4B}.program|Any CPU.ActiveCfg = Release|Any CPU
		{36E86916-57E0-4E3A-9DFB-F46184A64E4B}.program|Any CPU.Build.0 = Release|Any CPU
		{36E86916-57E0-4E3A-9DFB-F46184A64E4B}.program|Any CPU.Deploy.0 = Release|Any CPU
		{36E86916-57E0-4E3A-9DFB-F46184A64E4B}.program|Mixed Platforms.ActiveCfg = Release|Any CPU
		{36E86916-57E0-4E3A-9DFB-F46184A64E4B}.program|Mixed Platforms.Build.0 = Release|Any CPU
		{36E86916-57E0-4E3A-9DFB-F46184A64E4B}.program|Mixed Platforms.Deploy.0 = Release|Any CPU
		{36E86916-57E0-4E3A-9DFB-F46184A64E4B}.program|x64.ActiveCfg = Release|Any CPU
		{36E86916-57E0-4E3A-9DFB-F46184A64E4B}.Release|Any CPU.ActiveCfg = Release|Any CPU
		{36E86916-57E0-4E3A-9DFB-F46184A64E4B}.Release|Any CPU.Build.0 = Release|Any CPU
		{36E86916-57E0-4E3A-9DFB-F46184A64E4B}.Release|Any CPU.Deploy.0 = Release|Any CPU
		{36E86916-57E0-4E3A-9DFB-F46184A64E4B}.Release|Mixed Platforms.ActiveCfg = Release|Any CPU
		{36E86916-57E0-4E3A-9DFB-F46184A64E4B}.Release|Mixed Platforms.Build.0 = Release|Any CPU
		{36E86916-57E0-4E3A-9DFB-F46184A64E4B}.Release|Mixed Platforms.Deploy.0 = Release|Any CPU
		{36E86916-57E0-4E3A-9DFB-F46184A64E4B}.Release|x64.ActiveCfg = Release|Any CPU
		{36E86916-57E0-4E3A-9DFB-F46184A64E4B}.winform|Any CPU.ActiveCfg = Release|Any CPU
		{36E86916-57E0-4E3A-9DFB-F46184A64E4B}.winform|Any CPU.Build.0 = Release|Any CPU
		{36E86916-57E0-4E3A-9DFB-F46184A64E4B}.winform|Any CPU.Deploy.0 = Release|Any CPU
		{36E86916-57E0-4E3A-9DFB-F46184A64E4B}.winform|Mixed Platforms.ActiveCfg = Release|Any CPU
		{36E86916-57E0-4E3A-9DFB-F46184A64E4B}.winform|x64.ActiveCfg = Release|Any CPU
		{9B89477B-B409-459A-B85F-3858DC4C937A}.Debug|Any CPU.ActiveCfg = Debug|Any CPU
		{9B89477B-B409-459A-B85F-3858DC4C937A}.Debug|Mixed Platforms.ActiveCfg = Debug|Any CPU
		{9B89477B-B409-459A-B85F-3858DC4C937A}.Debug|Mixed Platforms.Build.0 = Debug|Any CPU
		{9B89477B-B409-459A-B85F-3858DC4C937A}.Debug|Mixed Platforms.Deploy.0 = Debug|Any CPU
		{9B89477B-B409-459A-B85F-3858DC4C937A}.Debug|x64.ActiveCfg = Debug|Any CPU
		{9B89477B-B409-459A-B85F-3858DC4C937A}.Debug|x64.Build.0 = Debug|Any CPU
		{9B89477B-B409-459A-B85F-3858DC4C937A}.Debug|x64.Deploy.0 = Debug|Any CPU
		{9B89477B-B409-459A-B85F-3858DC4C937A}.program|Any CPU.ActiveCfg = Release|Any CPU
		{9B89477B-B409-459A-B85F-3858DC4C937A}.program|Any CPU.Build.0 = Release|Any CPU
		{9B89477B-B409-459A-B85F-3858DC4C937A}.program|Any CPU.Deploy.0 = Release|Any CPU
		{9B89477B-B409-459A-B85F-3858DC4C937A}.program|Mixed Platforms.ActiveCfg = Release|Any CPU
		{9B89477B-B409-459A-B85F-3858DC4C937A}.program|Mixed Platforms.Build.0 = Release|Any CPU
		{9B89477B-B409-459A-B85F-3858DC4C937A}.program|Mixed Platforms.Deploy.0 = Release|Any CPU
		{9B89477B-B409-459A-B85F-3858DC4C937A}.program|x64.ActiveCfg = Release|Any CPU
		{9B89477B-B409-459A-B85F-3858DC4C937A}.program|x64.Build.0 = Release|Any CPU
		{9B89477B-B409-459A-B85F-3858DC4C937A}.program|x64.Deploy.0 = Release|Any CPU
		{9B89477B-B409-459A-B85F-3858DC4C937A}.Release|Any CPU.ActiveCfg = Release|Any CPU
		{9B89477B-B409-459A-B85F-3858DC4C937A}.Release|Any CPU.Build.0 = Release|Any CPU
		{9B89477B-B409-459A-B85F-3858DC4C937A}.Release|Any CPU.Deploy.0 = Release|Any CPU
		{9B89477B-B409-459A-B85F-3858DC4C937A}.Release|Mixed Platforms.ActiveCfg = Release|Any CPU
		{9B89477B-B409-459A-B85F-3858DC4C937A}.Release|Mixed Platforms.Build.0 = Release|Any CPU
		{9B89477B-B409-459A-B85F-3858DC4C937A}.Release|Mixed Platforms.Deploy.0 = Release|Any CPU
		{9B89477B-B409-459A-B85F-3858DC4C937A}.Release|x64.ActiveCfg = Release|Any CPU
		{9B89477B-B409-459A-B85F-3858DC4C937A}.Release|x64.Build.0 = Release|Any CPU
		{9B89477B-B409-459A-B85F-3858DC4C937A}.Release|x64.Deploy.0 = Release|Any CPU
		{9B89477B-B409-459A-B85F-3858DC4C937A}.winform|Any CPU.ActiveCfg = Release|Any CPU
		{9B89477B-B409-459A-B85F-3858DC4C937A}.winform|Any CPU.Build.0 = Release|Any CPU
		{9B89477B-B409-459A-B85F-3858DC4C937A}.winform|Any CPU.Deploy.0 = Release|Any CPU
		{9B89477B-B409-459A-B85F-3858DC4C937A}.winform|Mixed Platforms.ActiveCfg = Release|Any CPU
		{9B89477B-B409-459A-B85F-3858DC4C937A}.winform|Mixed Platforms.Build.0 = Release|Any CPU
		{9B89477B-B409-459A-B85F-3858DC4C937A}.winform|Mixed Platforms.Deploy.0 = Release|Any CPU
		{9B89477B-B409-459A-B85F-3858DC4C937A}.winform|x64.ActiveCfg = Release|Any CPU
		{9B89477B-B409-459A-B85F-3858DC4C937A}.winform|x64.Build.0 = Release|Any CPU
		{9B89477B-B409-459A-B85F-3858DC4C937A}.winform|x64.Deploy.0 = Release|Any CPU
		{45E66D30-7FB0-46FF-9F89-02156D7F8ADC}.Debug|Any CPU.ActiveCfg = Debug|Any CPU
		{45E66D30-7FB0-46FF-9F89-02156D7F8ADC}.Debug|Mixed Platforms.ActiveCfg = Debug|Any CPU
		{45E66D30-7FB0-46FF-9F89-02156D7F8ADC}.Debug|Mixed Platforms.Build.0 = Debug|Any CPU
		{45E66D30-7FB0-46FF-9F89-02156D7F8ADC}.Debug|Mixed Platforms.Deploy.0 = Debug|Any CPU
		{45E66D30-7FB0-46FF-9F89-02156D7F8ADC}.Debug|x64.ActiveCfg = Debug|Any CPU
		{45E66D30-7FB0-46FF-9F89-02156D7F8ADC}.Debug|x64.Build.0 = Debug|Any CPU
		{45E66D30-7FB0-46FF-9F89-02156D7F8ADC}.Debug|x64.Deploy.0 = Debug|Any CPU
		{45E66D30-7FB0-46FF-9F89-02156D7F8ADC}.program|Any CPU.ActiveCfg = Release|Any CPU
		{45E66D30-7FB0-46FF-9F89-02156D7F8ADC}.program|Any CPU.Build.0 = Release|Any CPU
		{45E66D30-7FB0-46FF-9F89-02156D7F8ADC}.program|Any CPU.Deploy.0 = Release|Any CPU
		{45E66D30-7FB0-46FF-9F89-02156D7F8ADC}.program|Mixed Platforms.ActiveCfg = Release|Any CPU
		{45E66D30-7FB0-46FF-9F89-02156D7F8ADC}.program|Mixed Platforms.Build.0 = Release|Any CPU
		{45E66D30-7FB0-46FF-9F89-02156D7F8ADC}.program|Mixed Platforms.Deploy.0 = Release|Any CPU
		{45E66D30-7FB0-46FF-9F89-02156D7F8ADC}.program|x64.ActiveCfg = Release|Any CPU
		{45E66D30-7FB0-46FF-9F89-02156D7F8ADC}.program|x64.Build.0 = Release|Any CPU
		{45E66D30-7FB0-46FF-9F89-02156D7F8ADC}.program|x64.Deploy.0 = Release|Any CPU
		{45E66D30-7FB0-46FF-9F89-02156D7F8ADC}.Release|Any CPU.ActiveCfg = Release|Any CPU
		{45E66D30-7FB0-46FF-9F89-02156D7F8ADC}.Release|Any CPU.Build.0 = Release|Any CPU
		{45E66D30-7FB0-46FF-9F89-02156D7F8ADC}.Release|Any CPU.Deploy.0 = Release|Any CPU
		{45E66D30-7FB0-46FF-9F89-02156D7F8ADC}.Release|Mixed Platforms.ActiveCfg = Release|Any CPU
		{45E66D30-7FB0-46FF-9F89-02156D7F8ADC}.Release|Mixed Platforms.Build.0 = Release|Any CPU
		{45E66D30-7FB0-46FF-9F89-02156D7F8ADC}.Release|Mixed Platforms.Deploy.0 = Release|Any CPU
		{45E66D30-7FB0-46FF-9F89-02156D7F8ADC}.Release|x64.ActiveCfg = Release|Any CPU
		{45E66D30-7FB0-46FF-9F89-02156D7F8ADC}.Release|x64.Build.0 = Release|Any CPU
		{45E66D30-7FB0-46FF-9F89-02156D7F8ADC}.Release|x64.Deploy.0 = Release|Any CPU
		{45E66D30-7FB0-46FF-9F89-02156D7F8ADC}.winform|Any CPU.ActiveCfg = Release|Any CPU
		{45E66D30-7FB0-46FF-9F89-02156D7F8ADC}.winform|Any CPU.Build.0 = Release|Any CPU
		{45E66D30-7FB0-46FF-9F89-02156D7F8ADC}.winform|Any CPU.Deploy.0 = Release|Any CPU
		{45E66D30-7FB0-46FF-9F89-02156D7F8ADC}.winform|Mixed Platforms.ActiveCfg = Release|Any CPU
		{45E66D30-7FB0-46FF-9F89-02156D7F8ADC}.winform|Mixed Platforms.Build.0 = Release|Any CPU
		{45E66D30-7FB0-46FF-9F89-02156D7F8ADC}.winform|Mixed Platforms.Deploy.0 = Release|Any CPU
		{45E66D30-7FB0-46FF-9F89-02156D7F8ADC}.winform|x64.ActiveCfg = Release|Any CPU
		{45E66D30-7FB0-46FF-9F89-02156D7F8ADC}.winform|x64.Build.0 = Release|Any CPU
		{45E66D30-7FB0-46FF-9F89-02156D7F8ADC}.winform|x64.Deploy.0 = Release|Any CPU
		{C04B369C-FC62-4804-A7CE-2D1A98EC3386}.Debug|Any CPU.ActiveCfg = Debug|Any CPU
		{C04B369C-FC62-4804-A7CE-2D1A98EC3386}.Debug|Mixed Platforms.ActiveCfg = Debug|Any CPU
		{C04B369C-FC62-4804-A7CE-2D1A98EC3386}.Debug|Mixed Platforms.Build.0 = Debug|Any CPU
		{C04B369C-FC62-4804-A7CE-2D1A98EC3386}.Debug|Mixed Platforms.Deploy.0 = Debug|Any CPU
		{C04B369C-FC62-4804-A7CE-2D1A98EC3386}.Debug|x64.ActiveCfg = Debug|Any CPU
		{C04B369C-FC62-4804-A7CE-2D1A98EC3386}.Debug|x64.Build.0 = Debug|Any CPU
		{C04B369C-FC62-4804-A7CE-2D1A98EC3386}.Debug|x64.Deploy.0 = Debug|Any CPU
		{C04B369C-FC62-4804-A7CE-2D1A98EC3386}.program|Any CPU.ActiveCfg = Release|Any CPU
		{C04B369C-FC62-4804-A7CE-2D1A98EC3386}.program|Any CPU.Build.0 = Release|Any CPU
		{C04B369C-FC62-4804-A7CE-2D1A98EC3386}.program|Any CPU.Deploy.0 = Release|Any CPU
		{C04B369C-FC62-4804-A7CE-2D1A98EC3386}.program|Mixed Platforms.ActiveCfg = Release|Any CPU
		{C04B369C-FC62-4804-A7CE-2D1A98EC3386}.program|Mixed Platforms.Build.0 = Release|Any CPU
		{C04B369C-FC62-4804-A7CE-2D1A98EC3386}.program|Mixed Platforms.Deploy.0 = Release|Any CPU
		{C04B369C-FC62-4804-A7CE-2D1A98EC3386}.program|x64.ActiveCfg = Release|Any CPU
		{C04B369C-FC62-4804-A7CE-2D1A98EC3386}.program|x64.Build.0 = Release|Any CPU
		{C04B369C-FC62-4804-A7CE-2D1A98EC3386}.program|x64.Deploy.0 = Release|Any CPU
		{C04B369C-FC62-4804-A7CE-2D1A98EC3386}.Release|Any CPU.ActiveCfg = Release|Any CPU
		{C04B369C-FC62-4804-A7CE-2D1A98EC3386}.Release|Any CPU.Build.0 = Release|Any CPU
		{C04B369C-FC62-4804-A7CE-2D1A98EC3386}.Release|Any CPU.Deploy.0 = Release|Any CPU
		{C04B369C-FC62-4804-A7CE-2D1A98EC3386}.Release|Mixed Platforms.ActiveCfg = Release|Any CPU
		{C04B369C-FC62-4804-A7CE-2D1A98EC3386}.Release|Mixed Platforms.Build.0 = Release|Any CPU
		{C04B369C-FC62-4804-A7CE-2D1A98EC3386}.Release|Mixed Platforms.Deploy.0 = Release|Any CPU
		{C04B369C-FC62-4804-A7CE-2D1A98EC3386}.Release|x64.ActiveCfg = Release|Any CPU
		{C04B369C-FC62-4804-A7CE-2D1A98EC3386}.Release|x64.Build.0 = Release|Any CPU
		{C04B369C-FC62-4804-A7CE-2D1A98EC3386}.Release|x64.Deploy.0 = Release|Any CPU
		{C04B369C-FC62-4804-A7CE-2D1A98EC3386}.winform|Any CPU.ActiveCfg = Release|Any CPU
		{C04B369C-FC62-4804-A7CE-2D1A98EC3386}.winform|Any CPU.Build.0 = Release|Any CPU
		{C04B369C-FC62-4804-A7CE-2D1A98EC3386}.winform|Any CPU.Deploy.0 = Release|Any CPU
		{C04B369C-FC62-4804-A7CE-2D1A98EC3386}.winform|Mixed Platforms.ActiveCfg = Release|Any CPU
		{C04B369C-FC62-4804-A7CE-2D1A98EC3386}.winform|Mixed Platforms.Build.0 = Release|Any CPU
		{C04B369C-FC62-4804-A7CE-2D1A98EC3386}.winform|Mixed Platforms.Deploy.0 = Release|Any CPU
		{C04B369C-FC62-4804-A7CE-2D1A98EC3386}.winform|x64.ActiveCfg = Release|Any CPU
		{C04B369C-FC62-4804-A7CE-2D1A98EC3386}.winform|x64.Build.0 = Release|Any CPU
		{C04B369C-FC62-4804-A7CE-2D1A98EC3386}.winform|x64.Deploy.0 = Release|Any CPU
	EndGlobalSection
	GlobalSection(SolutionProperties) = preSolution
		HideSolutionNode = FALSE
	EndGlobalSection
EndGlobal
